{
  "originHash" : "2b0c615896215e23e8d95a90a3f7ae56e784ad4346adaff551a6b7953863b3ba",
  "pins" : [
    {
      "identity" : "cwlcatchexception",
      "kind" : "remoteSourceControl",
      "location" : "https://github.com/mattgallagher/CwlCatchException.git",
      "state" : {
        "revision" : "07b2ba21d361c223e25e3c1e924288742923f08c",
        "version" : "2.2.1"
      }
    },
    {
      "identity" : "cwlpreconditiontesting",
      "kind" : "remoteSourceControl",
      "location" : "https://github.com/mattgallagher/CwlPreconditionTesting.git",
      "state" : {
        "revision" : "0139c665ebb45e6a9fbdb68aabfd7c39f3fe0071",
        "version" : "2.2.2"
      }
    },
    {
      "identity" : "nimble",
      "kind" : "remoteSourceControl",
      "location" : "https://github.com/Quick/Nimble.git",
      "state" : {
        "revision" : "7a54aaf19a8ef16f67787c260fda81ead7ba4d67",
        "version" : "9.0.1"
      }
    },
    {
      "identity" : "quick",
      "kind" : "remoteSourceControl",
      "location" : "https://github.com/Quick/Quick.git",
      "state" : {
        "revision" : "71c90eda2ab14b2110b22222d4b373163126561c",
        "version" : "3.0.1"
      }
    },
    {
      "identity" : "snapkit",
      "kind" : "remoteSourceControl",
      "location" : "https://github.com/SnapKit/SnapKit",
      "state" : {
        "revision" : "2842e6e84e82eb9a8dac0100ca90d9444b0307f4",
        "version" : "5.7.1"
      }
    }
  ],
  "version" : 3
}
